// !$*UTF8*$!
{
	archiveVersion = 1;
	classes = {
	};
	objectVersion = 46;
	objects = {

/* Begin PBXBuildFile section */
		00EE13781933D409006A9DB7 /* MagicalImportFunctions.m in Sources */ = {isa = PBXBuildFile; fileRef = 00EE133F1933D409006A9DB7 /* MagicalImportFunctions.m */; };
		00EE13791933D409006A9DB7 /* NSAttributeDescription+MagicalDataImport.m in Sources */ = {isa = PBXBuildFile; fileRef = 00EE13411933D409006A9DB7 /* NSAttributeDescription+MagicalDataImport.m */; };
		00EE137A1933D409006A9DB7 /* NSEntityDescription+MagicalDataImport.m in Sources */ = {isa = PBXBuildFile; fileRef = 00EE13431933D409006A9DB7 /* NSEntityDescription+MagicalDataImport.m */; };
		00EE137B1933D409006A9DB7 /* NSNumber+MagicalDataImport.m in Sources */ = {isa = PBXBuildFile; fileRef = 00EE13451933D409006A9DB7 /* NSNumber+MagicalDataImport.m */; };
		00EE137C1933D409006A9DB7 /* NSObject+MagicalDataImport.m in Sources */ = {isa = PBXBuildFile; fileRef = 00EE13471933D409006A9DB7 /* NSObject+MagicalDataImport.m */; };
		00EE137D1933D409006A9DB7 /* NSRelationshipDescription+MagicalDataImport.m in Sources */ = {isa = PBXBuildFile; fileRef = 00EE13491933D409006A9DB7 /* NSRelationshipDescription+MagicalDataImport.m */; };
		00EE137E1933D409006A9DB7 /* NSString+MagicalDataImport.m in Sources */ = {isa = PBXBuildFile; fileRef = 00EE134B1933D409006A9DB7 /* NSString+MagicalDataImport.m */; };
		00EE137F1933D409006A9DB7 /* NSManagedObject+MagicalAggregation.m in Sources */ = {isa = PBXBuildFile; fileRef = 00EE134E1933D409006A9DB7 /* NSManagedObject+MagicalAggregation.m */; };
		00EE13801933D409006A9DB7 /* NSManagedObject+MagicalDataImport.m in Sources */ = {isa = PBXBuildFile; fileRef = 00EE13501933D409006A9DB7 /* NSManagedObject+MagicalDataImport.m */; };
		00EE13811933D409006A9DB7 /* NSManagedObject+MagicalFinders.m in Sources */ = {isa = PBXBuildFile; fileRef = 00EE13521933D409006A9DB7 /* NSManagedObject+MagicalFinders.m */; };
		00EE13821933D409006A9DB7 /* NSManagedObject+MagicalRecord.m in Sources */ = {isa = PBXBuildFile; fileRef = 00EE13541933D409006A9DB7 /* NSManagedObject+MagicalRecord.m */; };
		00EE13831933D409006A9DB7 /* NSManagedObject+MagicalRequests.m in Sources */ = {isa = PBXBuildFile; fileRef = 00EE13561933D409006A9DB7 /* NSManagedObject+MagicalRequests.m */; };
		00EE13841933D409006A9DB7 /* NSManagedObjectContext+MagicalObserving.m in Sources */ = {isa = PBXBuildFile; fileRef = 00EE13591933D409006A9DB7 /* NSManagedObjectContext+MagicalObserving.m */; };
		00EE13851933D409006A9DB7 /* NSManagedObjectContext+MagicalRecord.m in Sources */ = {isa = PBXBuildFile; fileRef = 00EE135B1933D409006A9DB7 /* NSManagedObjectContext+MagicalRecord.m */; };
		00EE13861933D409006A9DB7 /* NSManagedObjectContext+MagicalSaves.m in Sources */ = {isa = PBXBuildFile; fileRef = 00EE135D1933D409006A9DB7 /* NSManagedObjectContext+MagicalSaves.m */; };
		00EE13871933D409006A9DB7 /* NSManagedObjectContext+MagicalThreading.m in Sources */ = {isa = PBXBuildFile; fileRef = 00EE135F1933D409006A9DB7 /* NSManagedObjectContext+MagicalThreading.m */; };
		00EE13881933D409006A9DB7 /* NSManagedObjectModel+MagicalRecord.m in Sources */ = {isa = PBXBuildFile; fileRef = 00EE13611933D409006A9DB7 /* NSManagedObjectModel+MagicalRecord.m */; };
		00EE13891933D409006A9DB7 /* NSPersistentStore+MagicalRecord.m in Sources */ = {isa = PBXBuildFile; fileRef = 00EE13631933D409006A9DB7 /* NSPersistentStore+MagicalRecord.m */; };
		00EE138A1933D409006A9DB7 /* NSPersistentStoreCoordinator+MagicalRecord.m in Sources */ = {isa = PBXBuildFile; fileRef = 00EE13651933D409006A9DB7 /* NSPersistentStoreCoordinator+MagicalRecord.m */; };
		00EE138B1933D409006A9DB7 /* MagicalRecord+Actions.m in Sources */ = {isa = PBXBuildFile; fileRef = 00EE13681933D409006A9DB7 /* MagicalRecord+Actions.m */; };
		00EE138C1933D409006A9DB7 /* MagicalRecord+ErrorHandling.m in Sources */ = {isa = PBXBuildFile; fileRef = 00EE136A1933D409006A9DB7 /* MagicalRecord+ErrorHandling.m */; };
		00EE138D1933D409006A9DB7 /* MagicalRecord+iCloud.m in Sources */ = {isa = PBXBuildFile; fileRef = 00EE136C1933D409006A9DB7 /* MagicalRecord+iCloud.m */; };
		00EE138E1933D409006A9DB7 /* MagicalRecord+Options.m in Sources */ = {isa = PBXBuildFile; fileRef = 00EE136E1933D409006A9DB7 /* MagicalRecord+Options.m */; };
		00EE138F1933D409006A9DB7 /* MagicalRecord+Setup.m in Sources */ = {isa = PBXBuildFile; fileRef = 00EE13701933D409006A9DB7 /* MagicalRecord+Setup.m */; };
		00EE13901933D409006A9DB7 /* MagicalRecord+ShorthandSupport.m in Sources */ = {isa = PBXBuildFile; fileRef = 00EE13721933D409006A9DB7 /* MagicalRecord+ShorthandSupport.m */; };
		00EE13911933D409006A9DB7 /* MagicalRecord.m in Sources */ = {isa = PBXBuildFile; fileRef = 00EE13741933D409006A9DB7 /* MagicalRecord.m */; };
		00EE13941933D443006A9DB7 /* Stash.xcdatamodeld in Sources */ = {isa = PBXBuildFile; fileRef = 00EE13921933D443006A9DB7 /* Stash.xcdatamodeld */; };
		00EE139B1933D56B006A9DB7 /* SHStash.m in Sources */ = {isa = PBXBuildFile; fileRef = 00EE139A1933D56B006A9DB7 /* SHStash.m */; };
		00EE139E1933D5F2006A9DB7 /* SHStash+Manage.m in Sources */ = {isa = PBXBuildFile; fileRef = 00EE139D1933D5F2006A9DB7 /* SHStash+Manage.m */; };
		48A4551C1933A8E6001B7173 /* iPhone568.storyboard in Resources */ = {isa = PBXBuildFile; fileRef = 48A4551B1933A8E6001B7173 /* iPhone568.storyboard */; };
		48A4551F1933A9F0001B7173 /* SHStashAPI.m in Sources */ = {isa = PBXBuildFile; fileRef = 48A4551E1933A9F0001B7173 /* SHStashAPI.m */; };
		48D15F701933B17E0010B633 /* SHHomeViewController.m in Sources */ = {isa = PBXBuildFile; fileRef = 48D15F6F1933B17E0010B633 /* SHHomeViewController.m */; };
		D6FAFF16193526EE000A312C /* QuestionMarkCircle.png in Resources */ = {isa = PBXBuildFile; fileRef = D6FAFF15193526EE000A312C /* QuestionMarkCircle.png */; };
		D6FAFF191935287E000A312C /* SHAddPitchViewController.m in Sources */ = {isa = PBXBuildFile; fileRef = D6FAFF181935287E000A312C /* SHAddPitchViewController.m */; };
		D6FAFF1E19352A62000A312C /* SHAddTitleViewController.m in Sources */ = {isa = PBXBuildFile; fileRef = D6FAFF1D19352A62000A312C /* SHAddTitleViewController.m */; };
		D6FAFF2119352AA3000A312C /* SHAddCategoryViewController.m in Sources */ = {isa = PBXBuildFile; fileRef = D6FAFF2019352AA3000A312C /* SHAddCategoryViewController.m */; };
		D6FAFF2619352E2E000A312C /* SHElevatorPitchTipsViewController.m in Sources */ = {isa = PBXBuildFile; fileRef = D6FAFF2519352E2E000A312C /* SHElevatorPitchTipsViewController.m */; };
		D6FAFF2A19352F1E000A312C /* SHPitchTipsViewController.m in Sources */ = {isa = PBXBuildFile; fileRef = D6FAFF2819352F1E000A312C /* SHPitchTipsViewController.m */; };
		D6FAFF2B19352F1E000A312C /* SHPitchTipsViewController.xib in Resources */ = {isa = PBXBuildFile; fileRef = D6FAFF2919352F1E000A312C /* SHPitchTipsViewController.xib */; };
		D788E72A1933A5AB002D59B5 /* Foundation.framework in Frameworks */ = {isa = PBXBuildFile; fileRef = D788E7291933A5AB002D59B5 /* Foundation.framework */; };
		D788E72C1933A5AB002D59B5 /* CoreGraphics.framework in Frameworks */ = {isa = PBXBuildFile; fileRef = D788E72B1933A5AB002D59B5 /* CoreGraphics.framework */; };
		D788E72E1933A5AB002D59B5 /* UIKit.framework in Frameworks */ = {isa = PBXBuildFile; fileRef = D788E72D1933A5AB002D59B5 /* UIKit.framework */; };
		D788E7341933A5AB002D59B5 /* InfoPlist.strings in Resources */ = {isa = PBXBuildFile; fileRef = D788E7321933A5AB002D59B5 /* InfoPlist.strings */; };
		D788E7361933A5AB002D59B5 /* main.m in Sources */ = {isa = PBXBuildFile; fileRef = D788E7351933A5AB002D59B5 /* main.m */; };
		D788E73A1933A5AB002D59B5 /* SHAppDelegate.m in Sources */ = {isa = PBXBuildFile; fileRef = D788E7391933A5AB002D59B5 /* SHAppDelegate.m */; };
		D788E73C1933A5AB002D59B5 /* Images.xcassets in Resources */ = {isa = PBXBuildFile; fileRef = D788E73B1933A5AB002D59B5 /* Images.xcassets */; };
		D788E7431933A5AB002D59B5 /* XCTest.framework in Frameworks */ = {isa = PBXBuildFile; fileRef = D788E7421933A5AB002D59B5 /* XCTest.framework */; };
		D788E7441933A5AB002D59B5 /* Foundation.framework in Frameworks */ = {isa = PBXBuildFile; fileRef = D788E7291933A5AB002D59B5 /* Foundation.framework */; };
		D788E7451933A5AB002D59B5 /* UIKit.framework in Frameworks */ = {isa = PBXBuildFile; fileRef = D788E72D1933A5AB002D59B5 /* UIKit.framework */; };
		D788E74D1933A5AB002D59B5 /* InfoPlist.strings in Resources */ = {isa = PBXBuildFile; fileRef = D788E74B1933A5AB002D59B5 /* InfoPlist.strings */; };
		D788E74F1933A5AB002D59B5 /* StashTests.m in Sources */ = {isa = PBXBuildFile; fileRef = D788E74E1933A5AB002D59B5 /* StashTests.m */; };
/* End PBXBuildFile section */

/* Begin PBXContainerItemProxy section */
		D788E7461933A5AB002D59B5 /* PBXContainerItemProxy */ = {
			isa = PBXContainerItemProxy;
			containerPortal = D788E71E1933A5AB002D59B5 /* Project object */;
			proxyType = 1;
			remoteGlobalIDString = D788E7251933A5AB002D59B5;
			remoteInfo = Stash;
		};
/* End PBXContainerItemProxy section */

/* Begin PBXFileReference section */
		00EE133E1933D409006A9DB7 /* MagicalImportFunctions.h */ = {isa = PBXFileReference; fileEncoding = 4; lastKnownFileType = sourcecode.c.h; path = MagicalImportFunctions.h; sourceTree = "<group>"; };
		00EE133F1933D409006A9DB7 /* MagicalImportFunctions.m */ = {isa = PBXFileReference; fileEncoding = 4; lastKnownFileType = sourcecode.c.objc; path = MagicalImportFunctions.m; sourceTree = "<group>"; };
		00EE13401933D409006A9DB7 /* NSAttributeDescription+MagicalDataImport.h */ = {isa = PBXFileReference; fileEncoding = 4; lastKnownFileType = sourcecode.c.h; path = "NSAttributeDescription+MagicalDataImport.h"; sourceTree = "<group>"; };
		00EE13411933D409006A9DB7 /* NSAttributeDescription+MagicalDataImport.m */ = {isa = PBXFileReference; fileEncoding = 4; lastKnownFileType = sourcecode.c.objc; path = "NSAttributeDescription+MagicalDataImport.m"; sourceTree = "<group>"; };
		00EE13421933D409006A9DB7 /* NSEntityDescription+MagicalDataImport.h */ = {isa = PBXFileReference; fileEncoding = 4; lastKnownFileType = sourcecode.c.h; path = "NSEntityDescription+MagicalDataImport.h"; sourceTree = "<group>"; };
		00EE13431933D409006A9DB7 /* NSEntityDescription+MagicalDataImport.m */ = {isa = PBXFileReference; fileEncoding = 4; lastKnownFileType = sourcecode.c.objc; path = "NSEntityDescription+MagicalDataImport.m"; sourceTree = "<group>"; };
		00EE13441933D409006A9DB7 /* NSNumber+MagicalDataImport.h */ = {isa = PBXFileReference; fileEncoding = 4; lastKnownFileType = sourcecode.c.h; path = "NSNumber+MagicalDataImport.h"; sourceTree = "<group>"; };
		00EE13451933D409006A9DB7 /* NSNumber+MagicalDataImport.m */ = {isa = PBXFileReference; fileEncoding = 4; lastKnownFileType = sourcecode.c.objc; path = "NSNumber+MagicalDataImport.m"; sourceTree = "<group>"; };
		00EE13461933D409006A9DB7 /* NSObject+MagicalDataImport.h */ = {isa = PBXFileReference; fileEncoding = 4; lastKnownFileType = sourcecode.c.h; path = "NSObject+MagicalDataImport.h"; sourceTree = "<group>"; };
		00EE13471933D409006A9DB7 /* NSObject+MagicalDataImport.m */ = {isa = PBXFileReference; fileEncoding = 4; lastKnownFileType = sourcecode.c.objc; path = "NSObject+MagicalDataImport.m"; sourceTree = "<group>"; };
		00EE13481933D409006A9DB7 /* NSRelationshipDescription+MagicalDataImport.h */ = {isa = PBXFileReference; fileEncoding = 4; lastKnownFileType = sourcecode.c.h; path = "NSRelationshipDescription+MagicalDataImport.h"; sourceTree = "<group>"; };
		00EE13491933D409006A9DB7 /* NSRelationshipDescription+MagicalDataImport.m */ = {isa = PBXFileReference; fileEncoding = 4; lastKnownFileType = sourcecode.c.objc; path = "NSRelationshipDescription+MagicalDataImport.m"; sourceTree = "<group>"; };
		00EE134A1933D409006A9DB7 /* NSString+MagicalDataImport.h */ = {isa = PBXFileReference; fileEncoding = 4; lastKnownFileType = sourcecode.c.h; path = "NSString+MagicalDataImport.h"; sourceTree = "<group>"; };
		00EE134B1933D409006A9DB7 /* NSString+MagicalDataImport.m */ = {isa = PBXFileReference; fileEncoding = 4; lastKnownFileType = sourcecode.c.objc; path = "NSString+MagicalDataImport.m"; sourceTree = "<group>"; };
		00EE134D1933D409006A9DB7 /* NSManagedObject+MagicalAggregation.h */ = {isa = PBXFileReference; fileEncoding = 4; lastKnownFileType = sourcecode.c.h; path = "NSManagedObject+MagicalAggregation.h"; sourceTree = "<group>"; };
		00EE134E1933D409006A9DB7 /* NSManagedObject+MagicalAggregation.m */ = {isa = PBXFileReference; fileEncoding = 4; lastKnownFileType = sourcecode.c.objc; path = "NSManagedObject+MagicalAggregation.m"; sourceTree = "<group>"; };
		00EE134F1933D409006A9DB7 /* NSManagedObject+MagicalDataImport.h */ = {isa = PBXFileReference; fileEncoding = 4; lastKnownFileType = sourcecode.c.h; path = "NSManagedObject+MagicalDataImport.h"; sourceTree = "<group>"; };
		00EE13501933D409006A9DB7 /* NSManagedObject+MagicalDataImport.m */ = {isa = PBXFileReference; fileEncoding = 4; lastKnownFileType = sourcecode.c.objc; path = "NSManagedObject+MagicalDataImport.m"; sourceTree = "<group>"; };
		00EE13511933D409006A9DB7 /* NSManagedObject+MagicalFinders.h */ = {isa = PBXFileReference; fileEncoding = 4; lastKnownFileType = sourcecode.c.h; path = "NSManagedObject+MagicalFinders.h"; sourceTree = "<group>"; };
		00EE13521933D409006A9DB7 /* NSManagedObject+MagicalFinders.m */ = {isa = PBXFileReference; fileEncoding = 4; lastKnownFileType = sourcecode.c.objc; path = "NSManagedObject+MagicalFinders.m"; sourceTree = "<group>"; };
		00EE13531933D409006A9DB7 /* NSManagedObject+MagicalRecord.h */ = {isa = PBXFileReference; fileEncoding = 4; lastKnownFileType = sourcecode.c.h; path = "NSManagedObject+MagicalRecord.h"; sourceTree = "<group>"; };
		00EE13541933D409006A9DB7 /* NSManagedObject+MagicalRecord.m */ = {isa = PBXFileReference; fileEncoding = 4; lastKnownFileType = sourcecode.c.objc; path = "NSManagedObject+MagicalRecord.m"; sourceTree = "<group>"; };
		00EE13551933D409006A9DB7 /* NSManagedObject+MagicalRequests.h */ = {isa = PBXFileReference; fileEncoding = 4; lastKnownFileType = sourcecode.c.h; path = "NSManagedObject+MagicalRequests.h"; sourceTree = "<group>"; };
		00EE13561933D409006A9DB7 /* NSManagedObject+MagicalRequests.m */ = {isa = PBXFileReference; fileEncoding = 4; lastKnownFileType = sourcecode.c.objc; path = "NSManagedObject+MagicalRequests.m"; sourceTree = "<group>"; };
		00EE13581933D409006A9DB7 /* NSManagedObjectContext+MagicalObserving.h */ = {isa = PBXFileReference; fileEncoding = 4; lastKnownFileType = sourcecode.c.h; path = "NSManagedObjectContext+MagicalObserving.h"; sourceTree = "<group>"; };
		00EE13591933D409006A9DB7 /* NSManagedObjectContext+MagicalObserving.m */ = {isa = PBXFileReference; fileEncoding = 4; lastKnownFileType = sourcecode.c.objc; path = "NSManagedObjectContext+MagicalObserving.m"; sourceTree = "<group>"; };
		00EE135A1933D409006A9DB7 /* NSManagedObjectContext+MagicalRecord.h */ = {isa = PBXFileReference; fileEncoding = 4; lastKnownFileType = sourcecode.c.h; path = "NSManagedObjectContext+MagicalRecord.h"; sourceTree = "<group>"; };
		00EE135B1933D409006A9DB7 /* NSManagedObjectContext+MagicalRecord.m */ = {isa = PBXFileReference; fileEncoding = 4; lastKnownFileType = sourcecode.c.objc; path = "NSManagedObjectContext+MagicalRecord.m"; sourceTree = "<group>"; };
		00EE135C1933D409006A9DB7 /* NSManagedObjectContext+MagicalSaves.h */ = {isa = PBXFileReference; fileEncoding = 4; lastKnownFileType = sourcecode.c.h; path = "NSManagedObjectContext+MagicalSaves.h"; sourceTree = "<group>"; };
		00EE135D1933D409006A9DB7 /* NSManagedObjectContext+MagicalSaves.m */ = {isa = PBXFileReference; fileEncoding = 4; lastKnownFileType = sourcecode.c.objc; path = "NSManagedObjectContext+MagicalSaves.m"; sourceTree = "<group>"; };
		00EE135E1933D409006A9DB7 /* NSManagedObjectContext+MagicalThreading.h */ = {isa = PBXFileReference; fileEncoding = 4; lastKnownFileType = sourcecode.c.h; path = "NSManagedObjectContext+MagicalThreading.h"; sourceTree = "<group>"; };
		00EE135F1933D409006A9DB7 /* NSManagedObjectContext+MagicalThreading.m */ = {isa = PBXFileReference; fileEncoding = 4; lastKnownFileType = sourcecode.c.objc; path = "NSManagedObjectContext+MagicalThreading.m"; sourceTree = "<group>"; };
		00EE13601933D409006A9DB7 /* NSManagedObjectModel+MagicalRecord.h */ = {isa = PBXFileReference; fileEncoding = 4; lastKnownFileType = sourcecode.c.h; path = "NSManagedObjectModel+MagicalRecord.h"; sourceTree = "<group>"; };
		00EE13611933D409006A9DB7 /* NSManagedObjectModel+MagicalRecord.m */ = {isa = PBXFileReference; fileEncoding = 4; lastKnownFileType = sourcecode.c.objc; path = "NSManagedObjectModel+MagicalRecord.m"; sourceTree = "<group>"; };
		00EE13621933D409006A9DB7 /* NSPersistentStore+MagicalRecord.h */ = {isa = PBXFileReference; fileEncoding = 4; lastKnownFileType = sourcecode.c.h; path = "NSPersistentStore+MagicalRecord.h"; sourceTree = "<group>"; };
		00EE13631933D409006A9DB7 /* NSPersistentStore+MagicalRecord.m */ = {isa = PBXFileReference; fileEncoding = 4; lastKnownFileType = sourcecode.c.objc; path = "NSPersistentStore+MagicalRecord.m"; sourceTree = "<group>"; };
		00EE13641933D409006A9DB7 /* NSPersistentStoreCoordinator+MagicalRecord.h */ = {isa = PBXFileReference; fileEncoding = 4; lastKnownFileType = sourcecode.c.h; path = "NSPersistentStoreCoordinator+MagicalRecord.h"; sourceTree = "<group>"; };
		00EE13651933D409006A9DB7 /* NSPersistentStoreCoordinator+MagicalRecord.m */ = {isa = PBXFileReference; fileEncoding = 4; lastKnownFileType = sourcecode.c.objc; path = "NSPersistentStoreCoordinator+MagicalRecord.m"; sourceTree = "<group>"; };
		00EE13671933D409006A9DB7 /* MagicalRecord+Actions.h */ = {isa = PBXFileReference; fileEncoding = 4; lastKnownFileType = sourcecode.c.h; path = "MagicalRecord+Actions.h"; sourceTree = "<group>"; };
		00EE13681933D409006A9DB7 /* MagicalRecord+Actions.m */ = {isa = PBXFileReference; fileEncoding = 4; lastKnownFileType = sourcecode.c.objc; path = "MagicalRecord+Actions.m"; sourceTree = "<group>"; };
		00EE13691933D409006A9DB7 /* MagicalRecord+ErrorHandling.h */ = {isa = PBXFileReference; fileEncoding = 4; lastKnownFileType = sourcecode.c.h; path = "MagicalRecord+ErrorHandling.h"; sourceTree = "<group>"; };
		00EE136A1933D409006A9DB7 /* MagicalRecord+ErrorHandling.m */ = {isa = PBXFileReference; fileEncoding = 4; lastKnownFileType = sourcecode.c.objc; path = "MagicalRecord+ErrorHandling.m"; sourceTree = "<group>"; };
		00EE136B1933D409006A9DB7 /* MagicalRecord+iCloud.h */ = {isa = PBXFileReference; fileEncoding = 4; lastKnownFileType = sourcecode.c.h; path = "MagicalRecord+iCloud.h"; sourceTree = "<group>"; };
		00EE136C1933D409006A9DB7 /* MagicalRecord+iCloud.m */ = {isa = PBXFileReference; fileEncoding = 4; lastKnownFileType = sourcecode.c.objc; path = "MagicalRecord+iCloud.m"; sourceTree = "<group>"; };
		00EE136D1933D409006A9DB7 /* MagicalRecord+Options.h */ = {isa = PBXFileReference; fileEncoding = 4; lastKnownFileType = sourcecode.c.h; path = "MagicalRecord+Options.h"; sourceTree = "<group>"; };
		00EE136E1933D409006A9DB7 /* MagicalRecord+Options.m */ = {isa = PBXFileReference; fileEncoding = 4; lastKnownFileType = sourcecode.c.objc; path = "MagicalRecord+Options.m"; sourceTree = "<group>"; };
		00EE136F1933D409006A9DB7 /* MagicalRecord+Setup.h */ = {isa = PBXFileReference; fileEncoding = 4; lastKnownFileType = sourcecode.c.h; path = "MagicalRecord+Setup.h"; sourceTree = "<group>"; };
		00EE13701933D409006A9DB7 /* MagicalRecord+Setup.m */ = {isa = PBXFileReference; fileEncoding = 4; lastKnownFileType = sourcecode.c.objc; path = "MagicalRecord+Setup.m"; sourceTree = "<group>"; };
		00EE13711933D409006A9DB7 /* MagicalRecord+ShorthandSupport.h */ = {isa = PBXFileReference; fileEncoding = 4; lastKnownFileType = sourcecode.c.h; path = "MagicalRecord+ShorthandSupport.h"; sourceTree = "<group>"; };
		00EE13721933D409006A9DB7 /* MagicalRecord+ShorthandSupport.m */ = {isa = PBXFileReference; fileEncoding = 4; lastKnownFileType = sourcecode.c.objc; path = "MagicalRecord+ShorthandSupport.m"; sourceTree = "<group>"; };
		00EE13731933D409006A9DB7 /* MagicalRecord.h */ = {isa = PBXFileReference; fileEncoding = 4; lastKnownFileType = sourcecode.c.h; path = MagicalRecord.h; sourceTree = "<group>"; };
		00EE13741933D409006A9DB7 /* MagicalRecord.m */ = {isa = PBXFileReference; fileEncoding = 4; lastKnownFileType = sourcecode.c.objc; path = MagicalRecord.m; sourceTree = "<group>"; };
		00EE13751933D409006A9DB7 /* MagicalRecordShorthand.h */ = {isa = PBXFileReference; fileEncoding = 4; lastKnownFileType = sourcecode.c.h; path = MagicalRecordShorthand.h; sourceTree = "<group>"; };
		00EE13761933D409006A9DB7 /* CoreData+MagicalRecord.h */ = {isa = PBXFileReference; fileEncoding = 4; lastKnownFileType = sourcecode.c.h; path = "CoreData+MagicalRecord.h"; sourceTree = "<group>"; };
		00EE13771933D409006A9DB7 /* MagicalRecordVersion.h */ = {isa = PBXFileReference; fileEncoding = 4; lastKnownFileType = sourcecode.c.h; path = MagicalRecordVersion.h; sourceTree = "<group>"; };
		00EE13931933D443006A9DB7 /* Stash.xcdatamodel */ = {isa = PBXFileReference; lastKnownFileType = wrapper.xcdatamodel; path = Stash.xcdatamodel; sourceTree = "<group>"; };
		00EE13991933D56B006A9DB7 /* SHStash.h */ = {isa = PBXFileReference; fileEncoding = 4; lastKnownFileType = sourcecode.c.h; path = SHStash.h; sourceTree = "<group>"; };
		00EE139A1933D56B006A9DB7 /* SHStash.m */ = {isa = PBXFileReference; fileEncoding = 4; lastKnownFileType = sourcecode.c.objc; path = SHStash.m; sourceTree = "<group>"; };
		00EE139C1933D5F2006A9DB7 /* SHStash+Manage.h */ = {isa = PBXFileReference; fileEncoding = 4; lastKnownFileType = sourcecode.c.h; path = "SHStash+Manage.h"; sourceTree = "<group>"; };
		00EE139D1933D5F2006A9DB7 /* SHStash+Manage.m */ = {isa = PBXFileReference; fileEncoding = 4; lastKnownFileType = sourcecode.c.objc; path = "SHStash+Manage.m"; sourceTree = "<group>"; };
		48A4551B1933A8E6001B7173 /* iPhone568.storyboard */ = {isa = PBXFileReference; fileEncoding = 4; lastKnownFileType = file.storyboard; path = iPhone568.storyboard; sourceTree = "<group>"; };
		48A4551D1933A9F0001B7173 /* SHStashAPI.h */ = {isa = PBXFileReference; fileEncoding = 4; lastKnownFileType = sourcecode.c.h; path = SHStashAPI.h; sourceTree = "<group>"; };
		48A4551E1933A9F0001B7173 /* SHStashAPI.m */ = {isa = PBXFileReference; fileEncoding = 4; lastKnownFileType = sourcecode.c.objc; path = SHStashAPI.m; sourceTree = "<group>"; };
		48D15F6E1933B17E0010B633 /* SHHomeViewController.h */ = {isa = PBXFileReference; fileEncoding = 4; lastKnownFileType = sourcecode.c.h; path = SHHomeViewController.h; sourceTree = "<group>"; };
		48D15F6F1933B17E0010B633 /* SHHomeViewController.m */ = {isa = PBXFileReference; fileEncoding = 4; lastKnownFileType = sourcecode.c.objc; path = SHHomeViewController.m; sourceTree = "<group>"; };
		48D15F711933BB280010B633 /* SHConstants.h */ = {isa = PBXFileReference; fileEncoding = 4; lastKnownFileType = sourcecode.c.h; path = SHConstants.h; sourceTree = "<group>"; };
		D6FAFF15193526EE000A312C /* QuestionMarkCircle.png */ = {isa = PBXFileReference; lastKnownFileType = image.png; path = QuestionMarkCircle.png; sourceTree = "<group>"; };
		D6FAFF171935287E000A312C /* SHAddPitchViewController.h */ = {isa = PBXFileReference; fileEncoding = 4; lastKnownFileType = sourcecode.c.h; path = SHAddPitchViewController.h; sourceTree = "<group>"; };
		D6FAFF181935287E000A312C /* SHAddPitchViewController.m */ = {isa = PBXFileReference; fileEncoding = 4; lastKnownFileType = sourcecode.c.objc; path = SHAddPitchViewController.m; sourceTree = "<group>"; };
		D6FAFF1C19352A62000A312C /* SHAddTitleViewController.h */ = {isa = PBXFileReference; fileEncoding = 4; lastKnownFileType = sourcecode.c.h; path = SHAddTitleViewController.h; sourceTree = "<group>"; };
		D6FAFF1D19352A62000A312C /* SHAddTitleViewController.m */ = {isa = PBXFileReference; fileEncoding = 4; lastKnownFileType = sourcecode.c.objc; path = SHAddTitleViewController.m; sourceTree = "<group>"; };
		D6FAFF1F19352AA3000A312C /* SHAddCategoryViewController.h */ = {isa = PBXFileReference; fileEncoding = 4; lastKnownFileType = sourcecode.c.h; path = SHAddCategoryViewController.h; sourceTree = "<group>"; };
		D6FAFF2019352AA3000A312C /* SHAddCategoryViewController.m */ = {isa = PBXFileReference; fileEncoding = 4; lastKnownFileType = sourcecode.c.objc; path = SHAddCategoryViewController.m; sourceTree = "<group>"; };
		D6FAFF2419352E2E000A312C /* SHElevatorPitchTipsViewController.h */ = {isa = PBXFileReference; fileEncoding = 4; lastKnownFileType = sourcecode.c.h; path = SHElevatorPitchTipsViewController.h; sourceTree = "<group>"; };
		D6FAFF2519352E2E000A312C /* SHElevatorPitchTipsViewController.m */ = {isa = PBXFileReference; fileEncoding = 4; lastKnownFileType = sourcecode.c.objc; path = SHElevatorPitchTipsViewController.m; sourceTree = "<group>"; };
		D6FAFF2719352F1E000A312C /* SHPitchTipsViewController.h */ = {isa = PBXFileReference; fileEncoding = 4; lastKnownFileType = sourcecode.c.h; path = SHPitchTipsViewController.h; sourceTree = "<group>"; };
		D6FAFF2819352F1E000A312C /* SHPitchTipsViewController.m */ = {isa = PBXFileReference; fileEncoding = 4; lastKnownFileType = sourcecode.c.objc; path = SHPitchTipsViewController.m; sourceTree = "<group>"; };
		D6FAFF2919352F1E000A312C /* SHPitchTipsViewController.xib */ = {isa = PBXFileReference; fileEncoding = 4; lastKnownFileType = file.xib; path = SHPitchTipsViewController.xib; sourceTree = "<group>"; };
		D788E7261933A5AB002D59B5 /* Stash.app */ = {isa = PBXFileReference; explicitFileType = wrapper.application; includeInIndex = 0; path = Stash.app; sourceTree = BUILT_PRODUCTS_DIR; };
		D788E7291933A5AB002D59B5 /* Foundation.framework */ = {isa = PBXFileReference; lastKnownFileType = wrapper.framework; name = Foundation.framework; path = System/Library/Frameworks/Foundation.framework; sourceTree = SDKROOT; };
		D788E72B1933A5AB002D59B5 /* CoreGraphics.framework */ = {isa = PBXFileReference; lastKnownFileType = wrapper.framework; name = CoreGraphics.framework; path = System/Library/Frameworks/CoreGraphics.framework; sourceTree = SDKROOT; };
		D788E72D1933A5AB002D59B5 /* UIKit.framework */ = {isa = PBXFileReference; lastKnownFileType = wrapper.framework; name = UIKit.framework; path = System/Library/Frameworks/UIKit.framework; sourceTree = SDKROOT; };
		D788E7311933A5AB002D59B5 /* Stash-Info.plist */ = {isa = PBXFileReference; lastKnownFileType = text.plist.xml; path = "Stash-Info.plist"; sourceTree = "<group>"; };
		D788E7331933A5AB002D59B5 /* en */ = {isa = PBXFileReference; lastKnownFileType = text.plist.strings; name = en; path = en.lproj/InfoPlist.strings; sourceTree = "<group>"; };
		D788E7351933A5AB002D59B5 /* main.m */ = {isa = PBXFileReference; lastKnownFileType = sourcecode.c.objc; path = main.m; sourceTree = "<group>"; };
		D788E7371933A5AB002D59B5 /* Stash-Prefix.pch */ = {isa = PBXFileReference; lastKnownFileType = sourcecode.c.h; path = "Stash-Prefix.pch"; sourceTree = "<group>"; };
		D788E7381933A5AB002D59B5 /* SHAppDelegate.h */ = {isa = PBXFileReference; lastKnownFileType = sourcecode.c.h; path = SHAppDelegate.h; sourceTree = "<group>"; };
		D788E7391933A5AB002D59B5 /* SHAppDelegate.m */ = {isa = PBXFileReference; lastKnownFileType = sourcecode.c.objc; path = SHAppDelegate.m; sourceTree = "<group>"; };
		D788E73B1933A5AB002D59B5 /* Images.xcassets */ = {isa = PBXFileReference; lastKnownFileType = folder.assetcatalog; path = Images.xcassets; sourceTree = "<group>"; };
		D788E7411933A5AB002D59B5 /* StashTests.xctest */ = {isa = PBXFileReference; explicitFileType = wrapper.cfbundle; includeInIndex = 0; path = StashTests.xctest; sourceTree = BUILT_PRODUCTS_DIR; };
		D788E7421933A5AB002D59B5 /* XCTest.framework */ = {isa = PBXFileReference; lastKnownFileType = wrapper.framework; name = XCTest.framework; path = Library/Frameworks/XCTest.framework; sourceTree = DEVELOPER_DIR; };
		D788E74A1933A5AB002D59B5 /* StashTests-Info.plist */ = {isa = PBXFileReference; lastKnownFileType = text.plist.xml; path = "StashTests-Info.plist"; sourceTree = "<group>"; };
		D788E74C1933A5AB002D59B5 /* en */ = {isa = PBXFileReference; lastKnownFileType = text.plist.strings; name = en; path = en.lproj/InfoPlist.strings; sourceTree = "<group>"; };
		D788E74E1933A5AB002D59B5 /* StashTests.m */ = {isa = PBXFileReference; lastKnownFileType = sourcecode.c.objc; path = StashTests.m; sourceTree = "<group>"; };
/* End PBXFileReference section */

/* Begin PBXFrameworksBuildPhase section */
		D788E7231933A5AB002D59B5 /* Frameworks */ = {
			isa = PBXFrameworksBuildPhase;
			buildActionMask = 2147483647;
			files = (
				D788E72C1933A5AB002D59B5 /* CoreGraphics.framework in Frameworks */,
				D788E72E1933A5AB002D59B5 /* UIKit.framework in Frameworks */,
				D788E72A1933A5AB002D59B5 /* Foundation.framework in Frameworks */,
			);
			runOnlyForDeploymentPostprocessing = 0;
		};
		D788E73E1933A5AB002D59B5 /* Frameworks */ = {
			isa = PBXFrameworksBuildPhase;
			buildActionMask = 2147483647;
			files = (
				D788E7431933A5AB002D59B5 /* XCTest.framework in Frameworks */,
				D788E7451933A5AB002D59B5 /* UIKit.framework in Frameworks */,
				D788E7441933A5AB002D59B5 /* Foundation.framework in Frameworks */,
			);
			runOnlyForDeploymentPostprocessing = 0;
		};
/* End PBXFrameworksBuildPhase section */

/* Begin PBXGroup section */
		00EE133B1933D409006A9DB7 /* MagicalRecord */ = {
			isa = PBXGroup;
			children = (
				00EE133C1933D409006A9DB7 /* Categories */,
				00EE13661933D409006A9DB7 /* Core */,
				00EE13761933D409006A9DB7 /* CoreData+MagicalRecord.h */,
				00EE13771933D409006A9DB7 /* MagicalRecordVersion.h */,
			);
			path = MagicalRecord;
			sourceTree = "<group>";
		};
		00EE133C1933D409006A9DB7 /* Categories */ = {
			isa = PBXGroup;
			children = (
				00EE133D1933D409006A9DB7 /* DataImport */,
				00EE134C1933D409006A9DB7 /* NSManagedObject */,
				00EE13571933D409006A9DB7 /* NSManagedObjectContext */,
				00EE13601933D409006A9DB7 /* NSManagedObjectModel+MagicalRecord.h */,
				00EE13611933D409006A9DB7 /* NSManagedObjectModel+MagicalRecord.m */,
				00EE13621933D409006A9DB7 /* NSPersistentStore+MagicalRecord.h */,
				00EE13631933D409006A9DB7 /* NSPersistentStore+MagicalRecord.m */,
				00EE13641933D409006A9DB7 /* NSPersistentStoreCoordinator+MagicalRecord.h */,
				00EE13651933D409006A9DB7 /* NSPersistentStoreCoordinator+MagicalRecord.m */,
			);
			path = Categories;
			sourceTree = "<group>";
		};
		00EE133D1933D409006A9DB7 /* DataImport */ = {
			isa = PBXGroup;
			children = (
				00EE133E1933D409006A9DB7 /* MagicalImportFunctions.h */,
				00EE133F1933D409006A9DB7 /* MagicalImportFunctions.m */,
				00EE13401933D409006A9DB7 /* NSAttributeDescription+MagicalDataImport.h */,
				00EE13411933D409006A9DB7 /* NSAttributeDescription+MagicalDataImport.m */,
				00EE13421933D409006A9DB7 /* NSEntityDescription+MagicalDataImport.h */,
				00EE13431933D409006A9DB7 /* NSEntityDescription+MagicalDataImport.m */,
				00EE13441933D409006A9DB7 /* NSNumber+MagicalDataImport.h */,
				00EE13451933D409006A9DB7 /* NSNumber+MagicalDataImport.m */,
				00EE13461933D409006A9DB7 /* NSObject+MagicalDataImport.h */,
				00EE13471933D409006A9DB7 /* NSObject+MagicalDataImport.m */,
				00EE13481933D409006A9DB7 /* NSRelationshipDescription+MagicalDataImport.h */,
				00EE13491933D409006A9DB7 /* NSRelationshipDescription+MagicalDataImport.m */,
				00EE134A1933D409006A9DB7 /* NSString+MagicalDataImport.h */,
				00EE134B1933D409006A9DB7 /* NSString+MagicalDataImport.m */,
			);
			path = DataImport;
			sourceTree = "<group>";
		};
		00EE134C1933D409006A9DB7 /* NSManagedObject */ = {
			isa = PBXGroup;
			children = (
				00EE134D1933D409006A9DB7 /* NSManagedObject+MagicalAggregation.h */,
				00EE134E1933D409006A9DB7 /* NSManagedObject+MagicalAggregation.m */,
				00EE134F1933D409006A9DB7 /* NSManagedObject+MagicalDataImport.h */,
				00EE13501933D409006A9DB7 /* NSManagedObject+MagicalDataImport.m */,
				00EE13511933D409006A9DB7 /* NSManagedObject+MagicalFinders.h */,
				00EE13521933D409006A9DB7 /* NSManagedObject+MagicalFinders.m */,
				00EE13531933D409006A9DB7 /* NSManagedObject+MagicalRecord.h */,
				00EE13541933D409006A9DB7 /* NSManagedObject+MagicalRecord.m */,
				00EE13551933D409006A9DB7 /* NSManagedObject+MagicalRequests.h */,
				00EE13561933D409006A9DB7 /* NSManagedObject+MagicalRequests.m */,
			);
			path = NSManagedObject;
			sourceTree = "<group>";
		};
		00EE13571933D409006A9DB7 /* NSManagedObjectContext */ = {
			isa = PBXGroup;
			children = (
				00EE13581933D409006A9DB7 /* NSManagedObjectContext+MagicalObserving.h */,
				00EE13591933D409006A9DB7 /* NSManagedObjectContext+MagicalObserving.m */,
				00EE135A1933D409006A9DB7 /* NSManagedObjectContext+MagicalRecord.h */,
				00EE135B1933D409006A9DB7 /* NSManagedObjectContext+MagicalRecord.m */,
				00EE135C1933D409006A9DB7 /* NSManagedObjectContext+MagicalSaves.h */,
				00EE135D1933D409006A9DB7 /* NSManagedObjectContext+MagicalSaves.m */,
				00EE135E1933D409006A9DB7 /* NSManagedObjectContext+MagicalThreading.h */,
				00EE135F1933D409006A9DB7 /* NSManagedObjectContext+MagicalThreading.m */,
			);
			path = NSManagedObjectContext;
			sourceTree = "<group>";
		};
		00EE13661933D409006A9DB7 /* Core */ = {
			isa = PBXGroup;
			children = (
				00EE13671933D409006A9DB7 /* MagicalRecord+Actions.h */,
				00EE13681933D409006A9DB7 /* MagicalRecord+Actions.m */,
				00EE13691933D409006A9DB7 /* MagicalRecord+ErrorHandling.h */,
				00EE136A1933D409006A9DB7 /* MagicalRecord+ErrorHandling.m */,
				00EE136B1933D409006A9DB7 /* MagicalRecord+iCloud.h */,
				00EE136C1933D409006A9DB7 /* MagicalRecord+iCloud.m */,
				00EE136D1933D409006A9DB7 /* MagicalRecord+Options.h */,
				00EE136E1933D409006A9DB7 /* MagicalRecord+Options.m */,
				00EE136F1933D409006A9DB7 /* MagicalRecord+Setup.h */,
				00EE13701933D409006A9DB7 /* MagicalRecord+Setup.m */,
				00EE13711933D409006A9DB7 /* MagicalRecord+ShorthandSupport.h */,
				00EE13721933D409006A9DB7 /* MagicalRecord+ShorthandSupport.m */,
				00EE13731933D409006A9DB7 /* MagicalRecord.h */,
				00EE13741933D409006A9DB7 /* MagicalRecord.m */,
				00EE13751933D409006A9DB7 /* MagicalRecordShorthand.h */,
			);
			path = Core;
			sourceTree = "<group>";
		};
		00EE13951933D45D006A9DB7 /* CoreData */ = {
			isa = PBXGroup;
			children = (
				00EE13921933D443006A9DB7 /* Stash.xcdatamodeld */,
				00EE13991933D56B006A9DB7 /* SHStash.h */,
				00EE139A1933D56B006A9DB7 /* SHStash.m */,
				00EE139C1933D5F2006A9DB7 /* SHStash+Manage.h */,
				00EE139D1933D5F2006A9DB7 /* SHStash+Manage.m */,
			);
			name = CoreData;
			sourceTree = "<group>";
		};
		48A455201933A9F3001B7173 /* StashAPI */ = {
			isa = PBXGroup;
			children = (
				48A4551D1933A9F0001B7173 /* SHStashAPI.h */,
				48A4551E1933A9F0001B7173 /* SHStashAPI.m */,
				48D15F711933BB280010B633 /* SHConstants.h */,
			);
			name = StashAPI;
			sourceTree = "<group>";
		};
		D6FAFF1A1935288D000A312C /* Controller */ = {
			isa = PBXGroup;
			children = (
				D6FAFF171935287E000A312C /* SHAddPitchViewController.h */,
				D6FAFF181935287E000A312C /* SHAddPitchViewController.m */,
				48D15F6E1933B17E0010B633 /* SHHomeViewController.h */,
				48D15F6F1933B17E0010B633 /* SHHomeViewController.m */,
				D6FAFF1C19352A62000A312C /* SHAddTitleViewController.h */,
				D6FAFF1D19352A62000A312C /* SHAddTitleViewController.m */,
				D6FAFF1F19352AA3000A312C /* SHAddCategoryViewController.h */,
				D6FAFF2019352AA3000A312C /* SHAddCategoryViewController.m */,
				D6FAFF2419352E2E000A312C /* SHElevatorPitchTipsViewController.h */,
				D6FAFF2519352E2E000A312C /* SHElevatorPitchTipsViewController.m */,
				D6FAFF2719352F1E000A312C /* SHPitchTipsViewController.h */,
				D6FAFF2819352F1E000A312C /* SHPitchTipsViewController.m */,
			);
			name = Controller;
			sourceTree = "<group>";
		};
		D6FAFF1B193528A2000A312C /* View */ = {
			isa = PBXGroup;
			children = (
				48A4551B1933A8E6001B7173 /* iPhone568.storyboard */,
				D6FAFF2919352F1E000A312C /* SHPitchTipsViewController.xib */,
			);
			name = View;
			sourceTree = "<group>";
		};
		D788E71D1933A5AB002D59B5 = {
			isa = PBXGroup;
			children = (
				D788E72F1933A5AB002D59B5 /* Stash */,
				D788E7481933A5AB002D59B5 /* StashTests */,
				D788E7281933A5AB002D59B5 /* Frameworks */,
				D788E7271933A5AB002D59B5 /* Products */,
			);
			sourceTree = "<group>";
		};
		D788E7271933A5AB002D59B5 /* Products */ = {
			isa = PBXGroup;
			children = (
				D788E7261933A5AB002D59B5 /* Stash.app */,
				D788E7411933A5AB002D59B5 /* StashTests.xctest */,
			);
			name = Products;
			sourceTree = "<group>";
		};
		D788E7281933A5AB002D59B5 /* Frameworks */ = {
			isa = PBXGroup;
			children = (
				D788E7291933A5AB002D59B5 /* Foundation.framework */,
				D788E72B1933A5AB002D59B5 /* CoreGraphics.framework */,
				D788E72D1933A5AB002D59B5 /* UIKit.framework */,
				D788E7421933A5AB002D59B5 /* XCTest.framework */,
			);
			name = Frameworks;
			sourceTree = "<group>";
		};
		D788E72F1933A5AB002D59B5 /* Stash */ = {
			isa = PBXGroup;
			children = (
				D788E7381933A5AB002D59B5 /* SHAppDelegate.h */,
				D788E7391933A5AB002D59B5 /* SHAppDelegate.m */,
				00EE13951933D45D006A9DB7 /* CoreData */,
				D6FAFF1B193528A2000A312C /* View */,
				D6FAFF1A1935288D000A312C /* Controller */,
				48A455201933A9F3001B7173 /* StashAPI */,
				D788E73B1933A5AB002D59B5 /* Images.xcassets */,
				D788E7301933A5AB002D59B5 /* Supporting Files */,
			);
			path = Stash;
			sourceTree = "<group>";
		};
		D788E7301933A5AB002D59B5 /* Supporting Files */ = {
			isa = PBXGroup;
			children = (
				D6FAFF15193526EE000A312C /* QuestionMarkCircle.png */,
				00EE133B1933D409006A9DB7 /* MagicalRecord */,
				D788E7311933A5AB002D59B5 /* Stash-Info.plist */,
				D788E7321933A5AB002D59B5 /* InfoPlist.strings */,
				D788E7351933A5AB002D59B5 /* main.m */,
				D788E7371933A5AB002D59B5 /* Stash-Prefix.pch */,
			);
			name = "Supporting Files";
			sourceTree = "<group>";
		};
		D788E7481933A5AB002D59B5 /* StashTests */ = {
			isa = PBXGroup;
			children = (
				D788E74E1933A5AB002D59B5 /* StashTests.m */,
				D788E7491933A5AB002D59B5 /* Supporting Files */,
			);
			path = StashTests;
			sourceTree = "<group>";
		};
		D788E7491933A5AB002D59B5 /* Supporting Files */ = {
			isa = PBXGroup;
			children = (
				D788E74A1933A5AB002D59B5 /* StashTests-Info.plist */,
				D788E74B1933A5AB002D59B5 /* InfoPlist.strings */,
			);
			name = "Supporting Files";
			sourceTree = "<group>";
		};
/* End PBXGroup section */

/* Begin PBXNativeTarget section */
		D788E7251933A5AB002D59B5 /* Stash */ = {
			isa = PBXNativeTarget;
			buildConfigurationList = D788E7521933A5AB002D59B5 /* Build configuration list for PBXNativeTarget "Stash" */;
			buildPhases = (
				D788E7221933A5AB002D59B5 /* Sources */,
				D788E7231933A5AB002D59B5 /* Frameworks */,
				D788E7241933A5AB002D59B5 /* Resources */,
			);
			buildRules = (
			);
			dependencies = (
			);
			name = Stash;
			productName = Stash;
			productReference = D788E7261933A5AB002D59B5 /* Stash.app */;
			productType = "com.apple.product-type.application";
		};
		D788E7401933A5AB002D59B5 /* StashTests */ = {
			isa = PBXNativeTarget;
			buildConfigurationList = D788E7551933A5AB002D59B5 /* Build configuration list for PBXNativeTarget "StashTests" */;
			buildPhases = (
				D788E73D1933A5AB002D59B5 /* Sources */,
				D788E73E1933A5AB002D59B5 /* Frameworks */,
				D788E73F1933A5AB002D59B5 /* Resources */,
			);
			buildRules = (
			);
			dependencies = (
				D788E7471933A5AB002D59B5 /* PBXTargetDependency */,
			);
			name = StashTests;
			productName = StashTests;
			productReference = D788E7411933A5AB002D59B5 /* StashTests.xctest */;
			productType = "com.apple.product-type.bundle.unit-test";
		};
/* End PBXNativeTarget section */

/* Begin PBXProject section */
		D788E71E1933A5AB002D59B5 /* Project object */ = {
			isa = PBXProject;
			attributes = {
				CLASSPREFIX = SH;
				LastUpgradeCheck = 0510;
				ORGANIZATIONNAME = stash;
				TargetAttributes = {
					D788E7401933A5AB002D59B5 = {
						TestTargetID = D788E7251933A5AB002D59B5;
					};
				};
			};
			buildConfigurationList = D788E7211933A5AB002D59B5 /* Build configuration list for PBXProject "Stash" */;
			compatibilityVersion = "Xcode 3.2";
			developmentRegion = English;
			hasScannedForEncodings = 0;
			knownRegions = (
				en,
			);
			mainGroup = D788E71D1933A5AB002D59B5;
			productRefGroup = D788E7271933A5AB002D59B5 /* Products */;
			projectDirPath = "";
			projectRoot = "";
			targets = (
				D788E7251933A5AB002D59B5 /* Stash */,
				D788E7401933A5AB002D59B5 /* StashTests */,
			);
		};
/* End PBXProject section */

/* Begin PBXResourcesBuildPhase section */
		D788E7241933A5AB002D59B5 /* Resources */ = {
			isa = PBXResourcesBuildPhase;
			buildActionMask = 2147483647;
			files = (
				48A4551C1933A8E6001B7173 /* iPhone568.storyboard in Resources */,
				D788E7341933A5AB002D59B5 /* InfoPlist.strings in Resources */,
				D6FAFF16193526EE000A312C /* QuestionMarkCircle.png in Resources */,
				D6FAFF2B19352F1E000A312C /* SHPitchTipsViewController.xib in Resources */,
				D788E73C1933A5AB002D59B5 /* Images.xcassets in Resources */,
			);
			runOnlyForDeploymentPostprocessing = 0;
		};
		D788E73F1933A5AB002D59B5 /* Resources */ = {
			isa = PBXResourcesBuildPhase;
			buildActionMask = 2147483647;
			files = (
				D788E74D1933A5AB002D59B5 /* InfoPlist.strings in Resources */,
			);
			runOnlyForDeploymentPostprocessing = 0;
		};
/* End PBXResourcesBuildPhase section */

/* Begin PBXSourcesBuildPhase section */
		D788E7221933A5AB002D59B5 /* Sources */ = {
			isa = PBXSourcesBuildPhase;
			buildActionMask = 2147483647;
			files = (
				D6FAFF191935287E000A312C /* SHAddPitchViewController.m in Sources */,
				D6FAFF2119352AA3000A312C /* SHAddCategoryViewController.m in Sources */,
				00EE13821933D409006A9DB7 /* NSManagedObject+MagicalRecord.m in Sources */,
				00EE13911933D409006A9DB7 /* MagicalRecord.m in Sources */,
				00EE139B1933D56B006A9DB7 /* SHStash.m in Sources */,
				00EE13791933D409006A9DB7 /* NSAttributeDescription+MagicalDataImport.m in Sources */,
				00EE13831933D409006A9DB7 /* NSManagedObject+MagicalRequests.m in Sources */,
				00EE137D1933D409006A9DB7 /* NSRelationshipDescription+MagicalDataImport.m in Sources */,
				00EE13781933D409006A9DB7 /* MagicalImportFunctions.m in Sources */,
				00EE13871933D409006A9DB7 /* NSManagedObjectContext+MagicalThreading.m in Sources */,
				00EE13841933D409006A9DB7 /* NSManagedObjectContext+MagicalObserving.m in Sources */,
				00EE137A1933D409006A9DB7 /* NSEntityDescription+MagicalDataImport.m in Sources */,
				48D15F701933B17E0010B633 /* SHHomeViewController.m in Sources */,
				00EE138A1933D409006A9DB7 /* NSPersistentStoreCoordinator+MagicalRecord.m in Sources */,
				00EE13881933D409006A9DB7 /* NSManagedObjectModel+MagicalRecord.m in Sources */,
				D788E7361933A5AB002D59B5 /* main.m in Sources */,
				00EE13891933D409006A9DB7 /* NSPersistentStore+MagicalRecord.m in Sources */,
				00EE13941933D443006A9DB7 /* Stash.xcdatamodeld in Sources */,
				00EE138D1933D409006A9DB7 /* MagicalRecord+iCloud.m in Sources */,
				00EE13901933D409006A9DB7 /* MagicalRecord+ShorthandSupport.m in Sources */,
				00EE13811933D409006A9DB7 /* NSManagedObject+MagicalFinders.m in Sources */,
				00EE137C1933D409006A9DB7 /* NSObject+MagicalDataImport.m in Sources */,
				D6FAFF2A19352F1E000A312C /* SHPitchTipsViewController.m in Sources */,
				00EE137E1933D409006A9DB7 /* NSString+MagicalDataImport.m in Sources */,
				48A4551F1933A9F0001B7173 /* SHStashAPI.m in Sources */,
				00EE13861933D409006A9DB7 /* NSManagedObjectContext+MagicalSaves.m in Sources */,
				00EE137F1933D409006A9DB7 /* NSManagedObject+MagicalAggregation.m in Sources */,
				00EE138E1933D409006A9DB7 /* MagicalRecord+Options.m in Sources */,
				D6FAFF2619352E2E000A312C /* SHElevatorPitchTipsViewController.m in Sources */,
				00EE138F1933D409006A9DB7 /* MagicalRecord+Setup.m in Sources */,
				00EE138C1933D409006A9DB7 /* MagicalRecord+ErrorHandling.m in Sources */,
				00EE138B1933D409006A9DB7 /* MagicalRecord+Actions.m in Sources */,
				D788E73A1933A5AB002D59B5 /* SHAppDelegate.m in Sources */,
				D6FAFF1E19352A62000A312C /* SHAddTitleViewController.m in Sources */,
				00EE13851933D409006A9DB7 /* NSManagedObjectContext+MagicalRecord.m in Sources */,
				00EE137B1933D409006A9DB7 /* NSNumber+MagicalDataImport.m in Sources */,
				00EE139E1933D5F2006A9DB7 /* SHStash+Manage.m in Sources */,
				00EE13801933D409006A9DB7 /* NSManagedObject+MagicalDataImport.m in Sources */,
			);
			runOnlyForDeploymentPostprocessing = 0;
		};
		D788E73D1933A5AB002D59B5 /* Sources */ = {
			isa = PBXSourcesBuildPhase;
			buildActionMask = 2147483647;
			files = (
				D788E74F1933A5AB002D59B5 /* StashTests.m in Sources */,
			);
			runOnlyForDeploymentPostprocessing = 0;
		};
/* End PBXSourcesBuildPhase section */

/* Begin PBXTargetDependency section */
		D788E7471933A5AB002D59B5 /* PBXTargetDependency */ = {
			isa = PBXTargetDependency;
			target = D788E7251933A5AB002D59B5 /* Stash */;
			targetProxy = D788E7461933A5AB002D59B5 /* PBXContainerItemProxy */;
		};
/* End PBXTargetDependency section */

/* Begin PBXVariantGroup section */
		D788E7321933A5AB002D59B5 /* InfoPlist.strings */ = {
			isa = PBXVariantGroup;
			children = (
				D788E7331933A5AB002D59B5 /* en */,
			);
			name = InfoPlist.strings;
			sourceTree = "<group>";
		};
		D788E74B1933A5AB002D59B5 /* InfoPlist.strings */ = {
			isa = PBXVariantGroup;
			children = (
				D788E74C1933A5AB002D59B5 /* en */,
			);
			name = InfoPlist.strings;
			sourceTree = "<group>";
		};
/* End PBXVariantGroup section */

/* Begin XCBuildConfiguration section */
		D788E7501933A5AB002D59B5 /* Debug */ = {
			isa = XCBuildConfiguration;
			buildSettings = {
				ALWAYS_SEARCH_USER_PATHS = NO;
				CLANG_CXX_LANGUAGE_STANDARD = "gnu++0x";
				CLANG_CXX_LIBRARY = "libc++";
				CLANG_ENABLE_MODULES = YES;
				CLANG_ENABLE_OBJC_ARC = YES;
				CLANG_WARN_BOOL_CONVERSION = YES;
				CLANG_WARN_CONSTANT_CONVERSION = YES;
				CLANG_WARN_DIRECT_OBJC_ISA_USAGE = YES_ERROR;
				CLANG_WARN_EMPTY_BODY = YES;
				CLANG_WARN_ENUM_CONVERSION = YES;
				CLANG_WARN_INT_CONVERSION = YES;
				CLANG_WARN_OBJC_ROOT_CLASS = YES_ERROR;
				CLANG_WARN__DUPLICATE_METHOD_MATCH = YES;
				"CODE_SIGN_IDENTITY[sdk=iphoneos*]" = "iPhone Developer";
				COPY_PHASE_STRIP = NO;
				GCC_C_LANGUAGE_STANDARD = gnu99;
				GCC_DYNAMIC_NO_PIC = NO;
				GCC_OPTIMIZATION_LEVEL = 0;
				GCC_PREPROCESSOR_DEFINITIONS = (
					"DEBUG=1",
					"$(inherited)",
				);
				GCC_SYMBOLS_PRIVATE_EXTERN = NO;
				GCC_WARN_64_TO_32_BIT_CONVERSION = YES;
				GCC_WARN_ABOUT_RETURN_TYPE = YES_ERROR;
				GCC_WARN_UNDECLARED_SELECTOR = YES;
				GCC_WARN_UNINITIALIZED_AUTOS = YES_AGGRESSIVE;
				GCC_WARN_UNUSED_FUNCTION = YES;
				GCC_WARN_UNUSED_VARIABLE = YES;
				IPHONEOS_DEPLOYMENT_TARGET = 7.1;
				ONLY_ACTIVE_ARCH = YES;
				SDKROOT = iphoneos;
			};
			name = Debug;
		};
		D788E7511933A5AB002D59B5 /* Release */ = {
			isa = XCBuildConfiguration;
			buildSettings = {
				ALWAYS_SEARCH_USER_PATHS = NO;
				CLANG_CXX_LANGUAGE_STANDARD = "gnu++0x";
				CLANG_CXX_LIBRARY = "libc++";
				CLANG_ENABLE_MODULES = YES;
				CLANG_ENABLE_OBJC_ARC = YES;
				CLANG_WARN_BOOL_CONVERSION = YES;
				CLANG_WARN_CONSTANT_CONVERSION = YES;
				CLANG_WARN_DIRECT_OBJC_ISA_USAGE = YES_ERROR;
				CLANG_WARN_EMPTY_BODY = YES;
				CLANG_WARN_ENUM_CONVERSION = YES;
				CLANG_WARN_INT_CONVERSION = YES;
				CLANG_WARN_OBJC_ROOT_CLASS = YES_ERROR;
				CLANG_WARN__DUPLICATE_METHOD_MATCH = YES;
				"CODE_SIGN_IDENTITY[sdk=iphoneos*]" = "iPhone Developer";
				COPY_PHASE_STRIP = YES;
				ENABLE_NS_ASSERTIONS = NO;
				GCC_C_LANGUAGE_STANDARD = gnu99;
				GCC_WARN_64_TO_32_BIT_CONVERSION = YES;
				GCC_WARN_ABOUT_RETURN_TYPE = YES_ERROR;
				GCC_WARN_UNDECLARED_SELECTOR = YES;
				GCC_WARN_UNINITIALIZED_AUTOS = YES_AGGRESSIVE;
				GCC_WARN_UNUSED_FUNCTION = YES;
				GCC_WARN_UNUSED_VARIABLE = YES;
				IPHONEOS_DEPLOYMENT_TARGET = 7.1;
				SDKROOT = iphoneos;
				VALIDATE_PRODUCT = YES;
			};
			name = Release;
		};
		D788E7531933A5AB002D59B5 /* Debug */ = {
			isa = XCBuildConfiguration;
			buildSettings = {
				ASSETCATALOG_COMPILER_APPICON_NAME = AppIcon;
				ASSETCATALOG_COMPILER_LAUNCHIMAGE_NAME = LaunchImage;
				GCC_PRECOMPILE_PREFIX_HEADER = YES;
				GCC_PREFIX_HEADER = "Stash/Stash-Prefix.pch";
				INFOPLIST_FILE = "Stash/Stash-Info.plist";
				IPHONEOS_DEPLOYMENT_TARGET = 7.0;
				PRODUCT_NAME = "$(TARGET_NAME)";
				WRAPPER_EXTENSION = app;
			};
			name = Debug;
		};
		D788E7541933A5AB002D59B5 /* Release */ = {
			isa = XCBuildConfiguration;
			buildSettings = {
				ASSETCATALOG_COMPILER_APPICON_NAME = AppIcon;
				ASSETCATALOG_COMPILER_LAUNCHIMAGE_NAME = LaunchImage;
				GCC_PRECOMPILE_PREFIX_HEADER = YES;
				GCC_PREFIX_HEADER = "Stash/Stash-Prefix.pch";
				INFOPLIST_FILE = "Stash/Stash-Info.plist";
				IPHONEOS_DEPLOYMENT_TARGET = 7.0;
				PRODUCT_NAME = "$(TARGET_NAME)";
				WRAPPER_EXTENSION = app;
			};
			name = Release;
		};
		D788E7561933A5AB002D59B5 /* Debug */ = {
			isa = XCBuildConfiguration;
			buildSettings = {
				BUNDLE_LOADER = "$(BUILT_PRODUCTS_DIR)/Stash.app/Stash";
				FRAMEWORK_SEARCH_PATHS = (
					"$(SDKROOT)/Developer/Library/Frameworks",
					"$(inherited)",
					"$(DEVELOPER_FRAMEWORKS_DIR)",
				);
				GCC_PRECOMPILE_PREFIX_HEADER = YES;
				GCC_PREFIX_HEADER = "Stash/Stash-Prefix.pch";
				GCC_PREPROCESSOR_DEFINITIONS = (
					"DEBUG=1",
					"$(inherited)",
				);
				INFOPLIST_FILE = "StashTests/StashTests-Info.plist";
				PRODUCT_NAME = "$(TARGET_NAME)";
				TEST_HOST = "$(BUNDLE_LOADER)";
				WRAPPER_EXTENSION = xctest;
			};
			name = Debug;
		};
		D788E7571933A5AB002D59B5 /* Release */ = {
			isa = XCBuildConfiguration;
			buildSettings = {
				BUNDLE_LOADER = "$(BUILT_PRODUCTS_DIR)/Stash.app/Stash";
				FRAMEWORK_SEARCH_PATHS = (
					"$(SDKROOT)/Developer/Library/Frameworks",
					"$(inherited)",
					"$(DEVELOPER_FRAMEWORKS_DIR)",
				);
				GCC_PRECOMPILE_PREFIX_HEADER = YES;
				GCC_PREFIX_HEADER = "Stash/Stash-Prefix.pch";
				INFOPLIST_FILE = "StashTests/StashTests-Info.plist";
				PRODUCT_NAME = "$(TARGET_NAME)";
				TEST_HOST = "$(BUNDLE_LOADER)";
				WRAPPER_EXTENSION = xctest;
			};
			name = Release;
		};
/* End XCBuildConfiguration section */

/* Begin XCConfigurationList section */
		D788E7211933A5AB002D59B5 /* Build configuration list for PBXProject "Stash" */ = {
			isa = XCConfigurationList;
			buildConfigurations = (
				D788E7501933A5AB002D59B5 /* Debug */,
				D788E7511933A5AB002D59B5 /* Release */,
			);
			defaultConfigurationIsVisible = 0;
			defaultConfigurationName = Release;
		};
		D788E7521933A5AB002D59B5 /* Build configuration list for PBXNativeTarget "Stash" */ = {
			isa = XCConfigurationList;
			buildConfigurations = (
				D788E7531933A5AB002D59B5 /* Debug */,
				D788E7541933A5AB002D59B5 /* Release */,
			);
			defaultConfigurationIsVisible = 0;
			defaultConfigurationName = Release;
		};
		D788E7551933A5AB002D59B5 /* Build configuration list for PBXNativeTarget "StashTests" */ = {
			isa = XCConfigurationList;
			buildConfigurations = (
				D788E7561933A5AB002D59B5 /* Debug */,
				D788E7571933A5AB002D59B5 /* Release */,
			);
			defaultConfigurationIsVisible = 0;
			defaultConfigurationName = Release;
		};
/* End XCConfigurationList section */

/* Begin XCVersionGroup section */
		00EE13921933D443006A9DB7 /* Stash.xcdatamodeld */ = {
			isa = XCVersionGroup;
			children = (
				00EE13931933D443006A9DB7 /* Stash.xcdatamodel */,
			);
			currentVersion = 00EE13931933D443006A9DB7 /* Stash.xcdatamodel */;
			path = Stash.xcdatamodeld;
			sourceTree = "<group>";
			versionGroupType = wrapper.xcdatamodel;
		};
/* End XCVersionGroup section */
	};
	rootObject = D788E71E1933A5AB002D59B5 /* Project object */;
}
